{
  "lockfile-version": 1,
  "manifest": {
    "version": 1,
    "install": {
      "argocd": {
        "pkg-path": "argocd"
      },
      "direnv": {
        "pkg-path": "direnv"
      },
      "go": {
        "pkg-path": "go"
      },
      "hugo": {
        "pkg-path": "hugo"
      },
      "k6": {
        "pkg-path": "k6"
      },
      "kind": {
        "pkg-path": "kind"
      },
      "kubebuilder": {
        "pkg-path": "kubebuilder"
      },
      "kubectl": {
        "pkg-path": "kubectl"
      },
      "kubernetes-helm": {
        "pkg-path": "kubernetes-helm"
      },
      "ngrok": {
        "pkg-path": "ngrok"
      },
      "talosctl": {
        "pkg-path": "talosctl"
      },
      "tree": {
        "pkg-path": "tree"
      }
    },
    "hook": {},
    "profile": {},
    "options": {
      "systems": [
        "aarch64-darwin",
        "aarch64-linux",
        "x86_64-darwin",
        "x86_64-linux"
      ],
      "activate": {
        "mode": "run"
      }
    }
  },
  "packages": [
    {
      "attr_path": "argocd",
      "broken": false,
      "derivation": "/nix/store/z8dbasqa200ang2zxj5basgvsgp9vn7h-argocd-2.14.10.drv",
      "description": "Declarative continuous deployment for Kubernetes",
      "install_id": "argocd",
      "license": "Apache-2.0",
      "locked_url": "https://github.com/flox/nixpkgs?rev=46e634be05ce9dc6d4db8e664515ba10b78151ae",
      "name": "argocd-2.14.10",
      "pname": "argocd",
      "rev": "46e634be05ce9dc6d4db8e664515ba10b78151ae",
      "rev_count": 791944,
      "rev_date": "2025-04-29T12:35:57Z",
      "scrape_date": "2025-04-30T04:19:44.767419Z",
      "stabilities": [
        "staging",
        "unstable"
      ],
      "unfree": false,
      "version": "2.14.10",
      "outputs_to_install": [
        "out"
      ],
      "outputs": {
        "out": "/nix/store/yms0mv5nqbhk67qmbsg72n0l85a01haf-argocd-2.14.10"
      },
      "system": "aarch64-darwin",
      "group": "toplevel",
      "priority": 5
    },
    {
      "attr_path": "argocd",
      "broken": false,
      "derivation": "/nix/store/qrgxsq0amjx4m4mq0b66rm4nk0gp1py4-argocd-2.14.10.drv",
      "description": "Declarative continuous deployment for Kubernetes",
      "install_id": "argocd",
      "license": "Apache-2.0",
      "locked_url": "https://github.com/flox/nixpkgs?rev=46e634be05ce9dc6d4db8e664515ba10b78151ae",
      "name": "argocd-2.14.10",
      "pname": "argocd",
      "rev": "46e634be05ce9dc6d4db8e664515ba10b78151ae",
      "rev_count": 791944,
      "rev_date": "2025-04-29T12:35:57Z",
      "scrape_date": "2025-04-30T04:38:30.132332Z",
      "stabilities": [
        "staging",
        "unstable"
      ],
      "unfree": false,
      "version": "2.14.10",
      "outputs_to_install": [
        "out"
      ],
      "outputs": {
        "out": "/nix/store/abb6yhzhj4bws9fbzjfy221v3jva9vzx-argocd-2.14.10"
      },
      "system": "aarch64-linux",
      "group": "toplevel",
      "priority": 5
    },
    {
      "attr_path": "argocd",
      "broken": false,
      "derivation": "/nix/store/03gp4ib0p0mbpjbaf0ajpvlhg6v00yy0-argocd-2.14.10.drv",
      "description": "Declarative continuous deployment for Kubernetes",
      "install_id": "argocd",
      "license": "Apache-2.0",
      "locked_url": "https://github.com/flox/nixpkgs?rev=46e634be05ce9dc6d4db8e664515ba10b78151ae",
      "name": "argocd-2.14.10",
      "pname": "argocd",
      "rev": "46e634be05ce9dc6d4db8e664515ba10b78151ae",
      "rev_count": 791944,
      "rev_date": "2025-04-29T12:35:57Z",
      "scrape_date": "2025-04-30T04:56:06.600447Z",
      "stabilities": [
        "staging",
        "unstable"
      ],
      "unfree": false,
      "version": "2.14.10",
      "outputs_to_install": [
        "out"
      ],
      "outputs": {
        "out": "/nix/store/v97vni72kdqpqvqqksrcn7c2griyiin9-argocd-2.14.10"
      },
      "system": "x86_64-darwin",
      "group": "toplevel",
      "priority": 5
    },
    {
      "attr_path": "argocd",
      "broken": false,
      "derivation": "/nix/store/1qvnqrhjh6mzrxqljr86yfpj375ba1ma-argocd-2.14.10.drv",
      "description": "Declarative continuous deployment for Kubernetes",
      "install_id": "argocd",
      "license": "Apache-2.0",
      "locked_url": "https://github.com/flox/nixpkgs?rev=46e634be05ce9dc6d4db8e664515ba10b78151ae",
      "name": "argocd-2.14.10",
      "pname": "argocd",
      "rev": "46e634be05ce9dc6d4db8e664515ba10b78151ae",
      "rev_count": 791944,
      "rev_date": "2025-04-29T12:35:57Z",
      "scrape_date": "2025-04-30T05:20:36.271617Z",
      "stabilities": [
        "staging",
        "unstable"
      ],
      "unfree": false,
      "version": "2.14.10",
      "outputs_to_install": [
        "out"
      ],
      "outputs": {
        "out": "/nix/store/vcabnmpx55iqqnf8aflr4r3c136nj5km-argocd-2.14.10"
      },
      "system": "x86_64-linux",
      "group": "toplevel",
      "priority": 5
    },
    {
      "attr_path": "direnv",
      "broken": false,
      "derivation": "/nix/store/7cmavy8gkjfc150iqicb6hx8hwjkkg9c-direnv-2.36.0.drv",
      "description": "Shell extension that manages your environment",
      "install_id": "direnv",
      "license": "MIT",
      "locked_url": "https://github.com/flox/nixpkgs?rev=46e634be05ce9dc6d4db8e664515ba10b78151ae",
      "name": "direnv-2.36.0",
      "pname": "direnv",
      "rev": "46e634be05ce9dc6d4db8e664515ba10b78151ae",
      "rev_count": 791944,
      "rev_date": "2025-04-29T12:35:57Z",
      "scrape_date": "2025-04-30T04:19:45.206774Z",
      "stabilities": [
        "staging",
        "unstable"
      ],
      "unfree": false,
      "version": "2.36.0",
      "outputs_to_install": [
        "out"
      ],
      "outputs": {
        "out": "/nix/store/c1287gkgvyz1s5hrifmhp0ybzaqwysyv-direnv-2.36.0"
      },
      "system": "aarch64-darwin",
      "group": "toplevel",
      "priority": 5
    },
    {
      "attr_path": "direnv",
      "broken": false,
      "derivation": "/nix/store/icyxszz1p13n7hsscyhx9aifvdhwknv0-direnv-2.36.0.drv",
      "description": "Shell extension that manages your environment",
      "install_id": "direnv",
      "license": "MIT",
      "locked_url": "https://github.com/flox/nixpkgs?rev=46e634be05ce9dc6d4db8e664515ba10b78151ae",
      "name": "direnv-2.36.0",
      "pname": "direnv",
      "rev": "46e634be05ce9dc6d4db8e664515ba10b78151ae",
      "rev_count": 791944,
      "rev_date": "2025-04-29T12:35:57Z",
      "scrape_date": "2025-04-30T04:38:30.756718Z",
      "stabilities": [
        "staging",
        "unstable"
      ],
      "unfree": false,
      "version": "2.36.0",
      "outputs_to_install": [
        "out"
      ],
      "outputs": {
        "out": "/nix/store/3p4pl2d0dj9dmh3dgwxylrfmv3lyzv90-direnv-2.36.0"
      },
      "system": "aarch64-linux",
      "group": "toplevel",
      "priority": 5
    },
    {
      "attr_path": "direnv",
      "broken": false,
      "derivation": "/nix/store/n6mcyvy8gyqza2y2hffvxvayk4mj7x2p-direnv-2.36.0.drv",
      "description": "Shell extension that manages your environment",
      "install_id": "direnv",
      "license": "MIT",
      "locked_url": "https://github.com/flox/nixpkgs?rev=46e634be05ce9dc6d4db8e664515ba10b78151ae",
      "name": "direnv-2.36.0",
      "pname": "direnv",
      "rev": "46e634be05ce9dc6d4db8e664515ba10b78151ae",
      "rev_count": 791944,
      "rev_date": "2025-04-29T12:35:57Z",
      "scrape_date": "2025-04-30T04:56:06.993215Z",
      "stabilities": [
        "staging",
        "unstable"
      ],
      "unfree": false,
      "version": "2.36.0",
      "outputs_to_install": [
        "out"
      ],
      "outputs": {
        "out": "/nix/store/9qqcjbvisvqyhbslqxyf72pazcnkvpyl-direnv-2.36.0"
      },
      "system": "x86_64-darwin",
      "group": "toplevel",
      "priority": 5
    },
    {
      "attr_path": "direnv",
      "broken": false,
      "derivation": "/nix/store/md1knl6796azvhjpmjhd6wwa3w9kdv4c-direnv-2.36.0.drv",
      "description": "Shell extension that manages your environment",
      "install_id": "direnv",
      "license": "MIT",
      "locked_url": "https://github.com/flox/nixpkgs?rev=46e634be05ce9dc6d4db8e664515ba10b78151ae",
      "name": "direnv-2.36.0",
      "pname": "direnv",
      "rev": "46e634be05ce9dc6d4db8e664515ba10b78151ae",
      "rev_count": 791944,
      "rev_date": "2025-04-29T12:35:57Z",
      "scrape_date": "2025-04-30T05:20:36.999667Z",
      "stabilities": [
        "staging",
        "unstable"
      ],
      "unfree": false,
      "version": "2.36.0",
      "outputs_to_install": [
        "out"
      ],
      "outputs": {
        "out": "/nix/store/ydp43xjrbdzcpaxc7phbw1s58f5qf38c-direnv-2.36.0"
      },
      "system": "x86_64-linux",
      "group": "toplevel",
      "priority": 5
    },
    {
      "attr_path": "go",
      "broken": false,
      "derivation": "/nix/store/rx127ahvvf4z52cla8v36vqkhxrj8ph7-go-1.24.2.drv",
      "description": "Go Programming language",
      "install_id": "go",
      "license": "BSD-3-Clause",
      "locked_url": "https://github.com/flox/nixpkgs?rev=46e634be05ce9dc6d4db8e664515ba10b78151ae",
      "name": "go-1.24.2",
      "pname": "go",
      "rev": "46e634be05ce9dc6d4db8e664515ba10b78151ae",
      "rev_count": 791944,
      "rev_date": "2025-04-29T12:35:57Z",
      "scrape_date": "2025-04-30T04:19:45.673208Z",
      "stabilities": [
        "staging",
        "unstable"
      ],
      "unfree": false,
      "version": "1.24.2",
      "outputs_to_install": [
        "out"
      ],
      "outputs": {
        "out": "/nix/store/fd2s1z3why92qn8w7j6r0xlarikpv27v-go-1.24.2"
      },
      "system": "aarch64-darwin",
      "group": "toplevel",
      "priority": 5
    },
    {
      "attr_path": "go",
      "broken": false,
      "derivation": "/nix/store/4ym5abhywiq8zrdw7y31xwa82r40qd4a-go-1.24.2.drv",
      "description": "Go Programming language",
      "install_id": "go",
      "license": "BSD-3-Clause",
      "locked_url": "https://github.com/flox/nixpkgs?rev=46e634be05ce9dc6d4db8e664515ba10b78151ae",
      "name": "go-1.24.2",
      "pname": "go",
      "rev": "46e634be05ce9dc6d4db8e664515ba10b78151ae",
      "rev_count": 791944,
      "rev_date": "2025-04-29T12:35:57Z",
      "scrape_date": "2025-04-30T04:38:31.784051Z",
      "stabilities": [
        "staging",
        "unstable"
      ],
      "unfree": false,
      "version": "1.24.2",
      "outputs_to_install": [
        "out"
      ],
      "outputs": {
        "out": "/nix/store/magz2kp3y215x77plnapjrp3zfb8xc91-go-1.24.2"
      },
      "system": "aarch64-linux",
      "group": "toplevel",
      "priority": 5
    },
    {
      "attr_path": "go",
      "broken": false,
      "derivation": "/nix/store/r90h9s343sv0wmjjlkdh0sf4kd32hrc6-go-1.24.2.drv",
      "description": "Go Programming language",
      "install_id": "go",
      "license": "BSD-3-Clause",
      "locked_url": "https://github.com/flox/nixpkgs?rev=46e634be05ce9dc6d4db8e664515ba10b78151ae",
      "name": "go-1.24.2",
      "pname": "go",
      "rev": "46e634be05ce9dc6d4db8e664515ba10b78151ae",
      "rev_count": 791944,
      "rev_date": "2025-04-29T12:35:57Z",
      "scrape_date": "2025-04-30T04:56:07.480336Z",
      "stabilities": [
        "staging",
        "unstable"
      ],
      "unfree": false,
      "version": "1.24.2",
      "outputs_to_install": [
        "out"
      ],
      "outputs": {
        "out": "/nix/store/m69ix2b1g4npzx093dxvbx3z5gzd0c1n-go-1.24.2"
      },
      "system": "x86_64-darwin",
      "group": "toplevel",
      "priority": 5
    },
    {
      "attr_path": "go",
      "broken": false,
      "derivation": "/nix/store/2vf3k8270h2781z477r88vswqvw8ykp0-go-1.24.2.drv",
      "description": "Go Programming language",
      "install_id": "go",
      "license": "BSD-3-Clause",
      "locked_url": "https://github.com/flox/nixpkgs?rev=46e634be05ce9dc6d4db8e664515ba10b78151ae",
      "name": "go-1.24.2",
      "pname": "go",
      "rev": "46e634be05ce9dc6d4db8e664515ba10b78151ae",
      "rev_count": 791944,
      "rev_date": "2025-04-29T12:35:57Z",
      "scrape_date": "2025-04-30T05:20:38.189659Z",
      "stabilities": [
        "staging",
        "unstable"
      ],
      "unfree": false,
      "version": "1.24.2",
      "outputs_to_install": [
        "out"
      ],
      "outputs": {
        "out": "/nix/store/rv9g1p18w52vip6652svdgy138wgx7dj-go-1.24.2"
      },
      "system": "x86_64-linux",
      "group": "toplevel",
      "priority": 5
    },
    {
      "attr_path": "hugo",
      "broken": false,
      "derivation": "/nix/store/yis8ri5gly7xr9z5djbfjh4s9aq7nw68-hugo-0.146.7.drv",
      "description": "Fast and modern static website engine",
      "install_id": "hugo",
      "license": "Apache-2.0",
      "locked_url": "https://github.com/flox/nixpkgs?rev=46e634be05ce9dc6d4db8e664515ba10b78151ae",
      "name": "hugo-0.146.7",
      "pname": "hugo",
      "rev": "46e634be05ce9dc6d4db8e664515ba10b78151ae",
      "rev_count": 791944,
      "rev_date": "2025-04-29T12:35:57Z",
      "scrape_date": "2025-04-30T04:19:45.925226Z",
      "stabilities": [
        "staging",
        "unstable"
      ],
      "unfree": false,
      "version": "0.146.7",
      "outputs_to_install": [
        "out"
      ],
      "outputs": {
        "out": "/nix/store/394y518hrj3axf2a5yickl85vahyl2sk-hugo-0.146.7"
      },
      "system": "aarch64-darwin",
      "group": "toplevel",
      "priority": 5
    },
    {
      "attr_path": "hugo",
      "broken": false,
      "derivation": "/nix/store/y5r3p3n8q072ql1hq28v3pgwsdd46ir7-hugo-0.146.7.drv",
      "description": "Fast and modern static website engine",
      "install_id": "hugo",
      "license": "Apache-2.0",
      "locked_url": "https://github.com/flox/nixpkgs?rev=46e634be05ce9dc6d4db8e664515ba10b78151ae",
      "name": "hugo-0.146.7",
      "pname": "hugo",
      "rev": "46e634be05ce9dc6d4db8e664515ba10b78151ae",
      "rev_count": 791944,
      "rev_date": "2025-04-29T12:35:57Z",
      "scrape_date": "2025-04-30T04:38:32.614934Z",
      "stabilities": [
        "staging",
        "unstable"
      ],
      "unfree": false,
      "version": "0.146.7",
      "outputs_to_install": [
        "out"
      ],
      "outputs": {
        "out": "/nix/store/d5x5ggy1m9qpr5nci97x1qnyfx6dfphk-hugo-0.146.7"
      },
      "system": "aarch64-linux",
      "group": "toplevel",
      "priority": 5
    },
    {
      "attr_path": "hugo",
      "broken": false,
      "derivation": "/nix/store/fh5s6i3hmnir4gpa45gqm6zcv8iklrfk-hugo-0.146.7.drv",
      "description": "Fast and modern static website engine",
      "install_id": "hugo",
      "license": "Apache-2.0",
      "locked_url": "https://github.com/flox/nixpkgs?rev=46e634be05ce9dc6d4db8e664515ba10b78151ae",
      "name": "hugo-0.146.7",
      "pname": "hugo",
      "rev": "46e634be05ce9dc6d4db8e664515ba10b78151ae",
      "rev_count": 791944,
      "rev_date": "2025-04-29T12:35:57Z",
      "scrape_date": "2025-04-30T04:56:07.727842Z",
      "stabilities": [
        "staging",
        "unstable"
      ],
      "unfree": false,
      "version": "0.146.7",
      "outputs_to_install": [
        "out"
      ],
      "outputs": {
        "out": "/nix/store/qv9dqzq3wyc7ncfrj99f9wi8k8cgnrsk-hugo-0.146.7"
      },
      "system": "x86_64-darwin",
      "group": "toplevel",
      "priority": 5
    },
    {
      "attr_path": "hugo",
      "broken": false,
      "derivation": "/nix/store/mgnlf31igb8w3fa9xhm5srl8sgchmkqv-hugo-0.146.7.drv",
      "description": "Fast and modern static website engine",
      "install_id": "hugo",
      "license": "Apache-2.0",
      "locked_url": "https://github.com/flox/nixpkgs?rev=46e634be05ce9dc6d4db8e664515ba10b78151ae",
      "name": "hugo-0.146.7",
      "pname": "hugo",
      "rev": "46e634be05ce9dc6d4db8e664515ba10b78151ae",
      "rev_count": 791944,
      "rev_date": "2025-04-29T12:35:57Z",
      "scrape_date": "2025-04-30T05:20:39.091111Z",
      "stabilities": [
        "staging",
        "unstable"
      ],
      "unfree": false,
      "version": "0.146.7",
      "outputs_to_install": [
        "out"
      ],
      "outputs": {
        "out": "/nix/store/gnrn3s8p2bna5bf4d2l33h66a3c4159y-hugo-0.146.7"
      },
      "system": "x86_64-linux",
      "group": "toplevel",
      "priority": 5
    },
    {
      "attr_path": "k6",
      "broken": false,
      "derivation": "/nix/store/ylmh6vbvghhjgwc8a8gyh55r9lcc4grp-k6-0.57.0.drv",
      "description": "Modern load testing tool, using Go and JavaScript",
      "install_id": "k6",
      "license": "AGPL-3.0-or-later",
      "locked_url": "https://github.com/flox/nixpkgs?rev=46e634be05ce9dc6d4db8e664515ba10b78151ae",
      "name": "k6-0.57.0",
      "pname": "k6",
      "rev": "46e634be05ce9dc6d4db8e664515ba10b78151ae",
      "rev_count": 791944,
      "rev_date": "2025-04-29T12:35:57Z",
      "scrape_date": "2025-04-30T04:19:46.156544Z",
      "stabilities": [
        "staging",
        "unstable"
      ],
      "unfree": false,
      "version": "0.57.0",
      "outputs_to_install": [
        "out"
      ],
      "outputs": {
        "out": "/nix/store/hir2lbw4njnl1bw4dwrxh00r2i4m02vk-k6-0.57.0"
      },
      "system": "aarch64-darwin",
      "group": "toplevel",
      "priority": 5
    },
    {
      "attr_path": "k6",
      "broken": false,
      "derivation": "/nix/store/wjj9949d7i5bpp7m21pnhzvp145bwc75-k6-0.57.0.drv",
      "description": "Modern load testing tool, using Go and JavaScript",
      "install_id": "k6",
      "license": "AGPL-3.0-or-later",
      "locked_url": "https://github.com/flox/nixpkgs?rev=46e634be05ce9dc6d4db8e664515ba10b78151ae",
      "name": "k6-0.57.0",
      "pname": "k6",
      "rev": "46e634be05ce9dc6d4db8e664515ba10b78151ae",
      "rev_count": 791944,
      "rev_date": "2025-04-29T12:35:57Z",
      "scrape_date": "2025-04-30T04:38:33.107764Z",
      "stabilities": [
        "staging",
        "unstable"
      ],
      "unfree": false,
      "version": "0.57.0",
      "outputs_to_install": [
        "out"
      ],
      "outputs": {
        "out": "/nix/store/zskkg82cic5yyn7zy7h3cwxyzjpnyjam-k6-0.57.0"
      },
      "system": "aarch64-linux",
      "group": "toplevel",
      "priority": 5
    },
    {
      "attr_path": "k6",
      "broken": false,
      "derivation": "/nix/store/lamxx3z1ka8gnkql82rp8p3dh9hnv3wh-k6-0.57.0.drv",
      "description": "Modern load testing tool, using Go and JavaScript",
      "install_id": "k6",
      "license": "AGPL-3.0-or-later",
      "locked_url": "https://github.com/flox/nixpkgs?rev=46e634be05ce9dc6d4db8e664515ba10b78151ae",
      "name": "k6-0.57.0",
      "pname": "k6",
      "rev": "46e634be05ce9dc6d4db8e664515ba10b78151ae",
      "rev_count": 791944,
      "rev_date": "2025-04-29T12:35:57Z",
      "scrape_date": "2025-04-30T04:56:07.960448Z",
      "stabilities": [
        "staging",
        "unstable"
      ],
      "unfree": false,
      "version": "0.57.0",
      "outputs_to_install": [
        "out"
      ],
      "outputs": {
        "out": "/nix/store/xfin6j9cd6rq3p0703sqy31rsjxi9d3f-k6-0.57.0"
      },
      "system": "x86_64-darwin",
      "group": "toplevel",
      "priority": 5
    },
    {
      "attr_path": "k6",
      "broken": false,
      "derivation": "/nix/store/fv36fcl8n8jknx41md5r7ynr42w7ff8q-k6-0.57.0.drv",
      "description": "Modern load testing tool, using Go and JavaScript",
      "install_id": "k6",
      "license": "AGPL-3.0-or-later",
      "locked_url": "https://github.com/flox/nixpkgs?rev=46e634be05ce9dc6d4db8e664515ba10b78151ae",
      "name": "k6-0.57.0",
      "pname": "k6",
      "rev": "46e634be05ce9dc6d4db8e664515ba10b78151ae",
      "rev_count": 791944,
      "rev_date": "2025-04-29T12:35:57Z",
      "scrape_date": "2025-04-30T05:20:39.656030Z",
      "stabilities": [
        "staging",
        "unstable"
      ],
      "unfree": false,
      "version": "0.57.0",
      "outputs_to_install": [
        "out"
      ],
      "outputs": {
        "out": "/nix/store/idmqsvs6kb36a9bg99lpv2l763p9iqjf-k6-0.57.0"
      },
      "system": "x86_64-linux",
      "group": "toplevel",
      "priority": 5
    },
    {
      "attr_path": "kind",
      "broken": false,
      "derivation": "/nix/store/dw13akzyv9n4kg5cri6gx9dnvx7klp2r-kind-0.27.0.drv",
      "description": "Kubernetes IN Docker - local clusters for testing Kubernetes",
      "install_id": "kind",
      "license": "Apache-2.0",
      "locked_url": "https://github.com/flox/nixpkgs?rev=46e634be05ce9dc6d4db8e664515ba10b78151ae",
      "name": "kind-0.27.0",
      "pname": "kind",
      "rev": "46e634be05ce9dc6d4db8e664515ba10b78151ae",
      "rev_count": 791944,
      "rev_date": "2025-04-29T12:35:57Z",
      "scrape_date": "2025-04-30T04:19:46.231917Z",
      "stabilities": [
        "staging",
        "unstable"
      ],
      "unfree": false,
      "version": "0.27.0",
      "outputs_to_install": [
        "out"
      ],
      "outputs": {
        "out": "/nix/store/czsrh125agfs757l14d17p6a790rmjp4-kind-0.27.0"
      },
      "system": "aarch64-darwin",
      "group": "toplevel",
      "priority": 5
    },
    {
      "attr_path": "kind",
      "broken": false,
      "derivation": "/nix/store/d3x2xp10pnkawb2rzdqaqw93v7si0hw9-kind-0.27.0.drv",
      "description": "Kubernetes IN Docker - local clusters for testing Kubernetes",
      "install_id": "kind",
      "license": "Apache-2.0",
      "locked_url": "https://github.com/flox/nixpkgs?rev=46e634be05ce9dc6d4db8e664515ba10b78151ae",
      "name": "kind-0.27.0",
      "pname": "kind",
      "rev": "46e634be05ce9dc6d4db8e664515ba10b78151ae",
      "rev_count": 791944,
      "rev_date": "2025-04-29T12:35:57Z",
      "scrape_date": "2025-04-30T04:38:33.450155Z",
      "stabilities": [
        "staging",
        "unstable"
      ],
      "unfree": false,
      "version": "0.27.0",
      "outputs_to_install": [
        "out"
      ],
      "outputs": {
        "out": "/nix/store/qc2q4cg0iql3pnds7z6nivipjia5pfkw-kind-0.27.0"
      },
      "system": "aarch64-linux",
      "group": "toplevel",
      "priority": 5
    },
    {
      "attr_path": "kind",
      "broken": false,
      "derivation": "/nix/store/f1r150x7bb6l4lhgbl0p68aqkw15fhrp-kind-0.27.0.drv",
      "description": "Kubernetes IN Docker - local clusters for testing Kubernetes",
      "install_id": "kind",
      "license": "Apache-2.0",
      "locked_url": "https://github.com/flox/nixpkgs?rev=46e634be05ce9dc6d4db8e664515ba10b78151ae",
      "name": "kind-0.27.0",
      "pname": "kind",
      "rev": "46e634be05ce9dc6d4db8e664515ba10b78151ae",
      "rev_count": 791944,
      "rev_date": "2025-04-29T12:35:57Z",
      "scrape_date": "2025-04-30T04:56:08.038143Z",
      "stabilities": [
        "staging",
        "unstable"
      ],
      "unfree": false,
      "version": "0.27.0",
      "outputs_to_install": [
        "out"
      ],
      "outputs": {
        "out": "/nix/store/q03i6bd2mrl8jaq3k7maiq8543937ngc-kind-0.27.0"
      },
      "system": "x86_64-darwin",
      "group": "toplevel",
      "priority": 5
    },
    {
      "attr_path": "kind",
      "broken": false,
      "derivation": "/nix/store/miragbbdaxj04wljbifzv5hazprs5m5c-kind-0.27.0.drv",
      "description": "Kubernetes IN Docker - local clusters for testing Kubernetes",
      "install_id": "kind",
      "license": "Apache-2.0",
      "locked_url": "https://github.com/flox/nixpkgs?rev=46e634be05ce9dc6d4db8e664515ba10b78151ae",
      "name": "kind-0.27.0",
      "pname": "kind",
      "rev": "46e634be05ce9dc6d4db8e664515ba10b78151ae",
      "rev_count": 791944,
      "rev_date": "2025-04-29T12:35:57Z",
      "scrape_date": "2025-04-30T05:20:40.035320Z",
      "stabilities": [
        "staging",
        "unstable"
      ],
      "unfree": false,
      "version": "0.27.0",
      "outputs_to_install": [
        "out"
      ],
      "outputs": {
        "out": "/nix/store/yrrfmx6y8wjf0dxmwqc0hvp5z4csa3k2-kind-0.27.0"
      },
      "system": "x86_64-linux",
      "group": "toplevel",
      "priority": 5
    },
    {
      "attr_path": "kubebuilder",
      "broken": false,
      "derivation": "/nix/store/z0r6yyvl139za2imivga63wb7zgcjwpn-kubebuilder-4.5.1.drv",
      "description": "SDK for building Kubernetes APIs using CRDs",
      "install_id": "kubebuilder",
      "license": "Apache-2.0",
      "locked_url": "https://github.com/flox/nixpkgs?rev=46e634be05ce9dc6d4db8e664515ba10b78151ae",
      "name": "kubebuilder-4.5.1",
      "pname": "kubebuilder",
      "rev": "46e634be05ce9dc6d4db8e664515ba10b78151ae",
      "rev_count": 791944,
      "rev_date": "2025-04-29T12:35:57Z",
      "scrape_date": "2025-04-30T04:19:46.287556Z",
      "stabilities": [
        "staging",
        "unstable"
      ],
      "unfree": false,
      "version": "4.5.1",
      "outputs_to_install": [
        "out"
      ],
      "outputs": {
        "out": "/nix/store/wxyrd14zm1sbvsrkzflla8rwnc1ca6i5-kubebuilder-4.5.1"
      },
      "system": "aarch64-darwin",
      "group": "toplevel",
      "priority": 5
    },
    {
      "attr_path": "kubebuilder",
      "broken": false,
      "derivation": "/nix/store/si1h0056qhpcs69bxm53yc0h3fzkbv6g-kubebuilder-4.5.1.drv",
      "description": "SDK for building Kubernetes APIs using CRDs",
      "install_id": "kubebuilder",
      "license": "Apache-2.0",
      "locked_url": "https://github.com/flox/nixpkgs?rev=46e634be05ce9dc6d4db8e664515ba10b78151ae",
      "name": "kubebuilder-4.5.1",
      "pname": "kubebuilder",
      "rev": "46e634be05ce9dc6d4db8e664515ba10b78151ae",
      "rev_count": 791944,
      "rev_date": "2025-04-29T12:35:57Z",
      "scrape_date": "2025-04-30T04:38:33.583033Z",
      "stabilities": [
        "staging",
        "unstable"
      ],
      "unfree": false,
      "version": "4.5.1",
      "outputs_to_install": [
        "out"
      ],
      "outputs": {
        "out": "/nix/store/0bi70agr1hyy4b5kdzmk7nqg04cz39qz-kubebuilder-4.5.1"
      },
      "system": "aarch64-linux",
      "group": "toplevel",
      "priority": 5
    },
    {
      "attr_path": "kubebuilder",
      "broken": false,
      "derivation": "/nix/store/w8i75ymbrq948cw10pps7qq7sqrbxin4-kubebuilder-4.5.1.drv",
      "description": "SDK for building Kubernetes APIs using CRDs",
      "install_id": "kubebuilder",
      "license": "Apache-2.0",
      "locked_url": "https://github.com/flox/nixpkgs?rev=46e634be05ce9dc6d4db8e664515ba10b78151ae",
      "name": "kubebuilder-4.5.1",
      "pname": "kubebuilder",
      "rev": "46e634be05ce9dc6d4db8e664515ba10b78151ae",
      "rev_count": 791944,
      "rev_date": "2025-04-29T12:35:57Z",
      "scrape_date": "2025-04-30T04:56:08.094951Z",
      "stabilities": [
        "staging",
        "unstable"
      ],
      "unfree": false,
      "version": "4.5.1",
      "outputs_to_install": [
        "out"
      ],
      "outputs": {
        "out": "/nix/store/cl14p8vr8wicax62fpq5dmnpxjamgz9n-kubebuilder-4.5.1"
      },
      "system": "x86_64-darwin",
      "group": "toplevel",
      "priority": 5
    },
    {
      "attr_path": "kubebuilder",
      "broken": false,
      "derivation": "/nix/store/wjsn8x9m5acras06yvj6l1nvrjgzbc9h-kubebuilder-4.5.1.drv",
      "description": "SDK for building Kubernetes APIs using CRDs",
      "install_id": "kubebuilder",
      "license": "Apache-2.0",
      "locked_url": "https://github.com/flox/nixpkgs?rev=46e634be05ce9dc6d4db8e664515ba10b78151ae",
      "name": "kubebuilder-4.5.1",
      "pname": "kubebuilder",
      "rev": "46e634be05ce9dc6d4db8e664515ba10b78151ae",
      "rev_count": 791944,
      "rev_date": "2025-04-29T12:35:57Z",
      "scrape_date": "2025-04-30T05:20:40.183558Z",
      "stabilities": [
        "staging",
        "unstable"
      ],
      "unfree": false,
      "version": "4.5.1",
      "outputs_to_install": [
        "out"
      ],
      "outputs": {
        "out": "/nix/store/pfyipdxmy3y6x4yzyp7r7jvp95329m1g-kubebuilder-4.5.1"
      },
      "system": "x86_64-linux",
      "group": "toplevel",
      "priority": 5
    },
    {
      "attr_path": "kubectl",
      "broken": false,
      "derivation": "/nix/store/07bbgr891mclh8r8kxq8m4y4657mk530-kubectl-1.32.3.drv",
      "description": "Kubernetes CLI",
      "install_id": "kubectl",
      "license": "Apache-2.0",
      "locked_url": "https://github.com/flox/nixpkgs?rev=46e634be05ce9dc6d4db8e664515ba10b78151ae",
      "name": "kubectl-1.32.3",
      "pname": "kubectl",
      "rev": "46e634be05ce9dc6d4db8e664515ba10b78151ae",
      "rev_count": 791944,
      "rev_date": "2025-04-29T12:35:57Z",
      "scrape_date": "2025-04-30T04:19:46.289359Z",
      "stabilities": [
        "staging",
        "unstable"
      ],
      "unfree": false,
      "version": "1.32.3",
      "outputs_to_install": [
        "man",
        "out"
      ],
      "outputs": {
        "convert": "/nix/store/wspi1vv49vaz569dr1621cbk3pj4jwlz-kubectl-1.32.3-convert",
        "man": "/nix/store/5hsyd0bmbrcnzs2fj66a9c6nkx001yh2-kubectl-1.32.3-man",
        "out": "/nix/store/6ksa2yr710ckvigfpfl18m1cpgd3nfn1-kubectl-1.32.3"
      },
      "system": "aarch64-darwin",
      "group": "toplevel",
      "priority": 5
    },
    {
      "attr_path": "kubectl",
      "broken": false,
      "derivation": "/nix/store/y8rxpbky5iyhx1n9qzwkx1i45kx2kqhp-kubectl-1.32.3.drv",
      "description": "Kubernetes CLI",
      "install_id": "kubectl",
      "license": "Apache-2.0",
      "locked_url": "https://github.com/flox/nixpkgs?rev=46e634be05ce9dc6d4db8e664515ba10b78151ae",
      "name": "kubectl-1.32.3",
      "pname": "kubectl",
      "rev": "46e634be05ce9dc6d4db8e664515ba10b78151ae",
      "rev_count": 791944,
      "rev_date": "2025-04-29T12:35:57Z",
      "scrape_date": "2025-04-30T04:38:33.585792Z",
      "stabilities": [
        "staging",
        "unstable"
      ],
      "unfree": false,
      "version": "1.32.3",
      "outputs_to_install": [
        "man",
        "out"
      ],
      "outputs": {
        "convert": "/nix/store/p64cd3isiqhl5x1smcxwbr6qssx5f75x-kubectl-1.32.3-convert",
        "man": "/nix/store/8lklygm46nyjj0wfpmjxd8mjsh51qimx-kubectl-1.32.3-man",
        "out": "/nix/store/sg3c7hl5gxm526pv5r8wv7c8v5yxliz9-kubectl-1.32.3"
      },
      "system": "aarch64-linux",
      "group": "toplevel",
      "priority": 5
    },
    {
      "attr_path": "kubectl",
      "broken": false,
      "derivation": "/nix/store/zm60ic8p4m2dpadmrz8hba3798sqkr20-kubectl-1.32.3.drv",
      "description": "Kubernetes CLI",
      "install_id": "kubectl",
      "license": "Apache-2.0",
      "locked_url": "https://github.com/flox/nixpkgs?rev=46e634be05ce9dc6d4db8e664515ba10b78151ae",
      "name": "kubectl-1.32.3",
      "pname": "kubectl",
      "rev": "46e634be05ce9dc6d4db8e664515ba10b78151ae",
      "rev_count": 791944,
      "rev_date": "2025-04-29T12:35:57Z",
      "scrape_date": "2025-04-30T04:56:08.096795Z",
      "stabilities": [
        "staging",
        "unstable"
      ],
      "unfree": false,
      "version": "1.32.3",
      "outputs_to_install": [
        "man",
        "out"
      ],
      "outputs": {
        "convert": "/nix/store/035c7j2b5da80qfbi2gc85m07qbxlwzz-kubectl-1.32.3-convert",
        "man": "/nix/store/cmbrxxc1fgll0lfcbgdcl0hfm68cjkb0-kubectl-1.32.3-man",
        "out": "/nix/store/ni78hah8sc1gsrb514crpnm3v1la8cvg-kubectl-1.32.3"
      },
      "system": "x86_64-darwin",
      "group": "toplevel",
      "priority": 5
    },
    {
      "attr_path": "kubectl",
      "broken": false,
      "derivation": "/nix/store/nh6rc75j8zqgzza888xdj5354jl5jqki-kubectl-1.32.3.drv",
      "description": "Kubernetes CLI",
      "install_id": "kubectl",
      "license": "Apache-2.0",
      "locked_url": "https://github.com/flox/nixpkgs?rev=46e634be05ce9dc6d4db8e664515ba10b78151ae",
      "name": "kubectl-1.32.3",
      "pname": "kubectl",
      "rev": "46e634be05ce9dc6d4db8e664515ba10b78151ae",
      "rev_count": 791944,
      "rev_date": "2025-04-29T12:35:57Z",
      "scrape_date": "2025-04-30T05:20:40.186576Z",
      "stabilities": [
        "staging",
        "unstable"
      ],
      "unfree": false,
      "version": "1.32.3",
      "outputs_to_install": [
        "man",
        "out"
      ],
      "outputs": {
        "convert": "/nix/store/30cx5firf9gfizc8jcjwikxkcqljnr8q-kubectl-1.32.3-convert",
        "man": "/nix/store/4bhrdxhqfig66mqdyxpaiy4n9llp3vg1-kubectl-1.32.3-man",
        "out": "/nix/store/5pjr6fmdyiny7plxdnpzjrs1agiq6iw6-kubectl-1.32.3"
      },
      "system": "x86_64-linux",
      "group": "toplevel",
      "priority": 5
    },
    {
      "attr_path": "kubernetes-helm",
      "broken": false,
      "derivation": "/nix/store/jds1bnl8jdhyx1478igng440p7c5ys1s-kubernetes-helm-3.17.3.drv",
      "description": "Package manager for kubernetes",
      "install_id": "kubernetes-helm",
      "license": "Apache-2.0",
      "locked_url": "https://github.com/flox/nixpkgs?rev=46e634be05ce9dc6d4db8e664515ba10b78151ae",
      "name": "kubernetes-helm-3.17.3",
      "pname": "kubernetes-helm",
      "rev": "46e634be05ce9dc6d4db8e664515ba10b78151ae",
      "rev_count": 791944,
      "rev_date": "2025-04-29T12:35:57Z",
      "scrape_date": "2025-04-30T04:19:46.301469Z",
      "stabilities": [
        "staging",
        "unstable"
      ],
      "unfree": false,
      "version": "3.17.3",
      "outputs_to_install": [
        "out"
      ],
      "outputs": {
        "out": "/nix/store/lhmnyfjp7w5c0viv8lbn9dh1nchpihbp-kubernetes-helm-3.17.3"
      },
      "system": "aarch64-darwin",
      "group": "toplevel",
      "priority": 5
    },
    {
      "attr_path": "kubernetes-helm",
      "broken": false,
      "derivation": "/nix/store/wg261q7cg9jz0ikxhlp732mk8awplqnr-kubernetes-helm-3.17.3.drv",
      "description": "Package manager for kubernetes",
      "install_id": "kubernetes-helm",
      "license": "Apache-2.0",
      "locked_url": "https://github.com/flox/nixpkgs?rev=46e634be05ce9dc6d4db8e664515ba10b78151ae",
      "name": "kubernetes-helm-3.17.3",
      "pname": "kubernetes-helm",
      "rev": "46e634be05ce9dc6d4db8e664515ba10b78151ae",
      "rev_count": 791944,
      "rev_date": "2025-04-29T12:35:57Z",
      "scrape_date": "2025-04-30T04:38:33.604710Z",
      "stabilities": [
        "staging",
        "unstable"
      ],
      "unfree": false,
      "version": "3.17.3",
      "outputs_to_install": [
        "out"
      ],
      "outputs": {
        "out": "/nix/store/w829mr8bzai7yb1vyid4wpw1n8zy7kh0-kubernetes-helm-3.17.3"
      },
      "system": "aarch64-linux",
      "group": "toplevel",
      "priority": 5
    },
    {
      "attr_path": "kubernetes-helm",
      "broken": false,
      "derivation": "/nix/store/ip29mhvh76z19di1xprnxa85m7mahmbj-kubernetes-helm-3.17.3.drv",
      "description": "Package manager for kubernetes",
      "install_id": "kubernetes-helm",
      "license": "Apache-2.0",
      "locked_url": "https://github.com/flox/nixpkgs?rev=46e634be05ce9dc6d4db8e664515ba10b78151ae",
      "name": "kubernetes-helm-3.17.3",
      "pname": "kubernetes-helm",
      "rev": "46e634be05ce9dc6d4db8e664515ba10b78151ae",
      "rev_count": 791944,
      "rev_date": "2025-04-29T12:35:57Z",
      "scrape_date": "2025-04-30T04:56:08.109168Z",
      "stabilities": [
        "staging",
        "unstable"
      ],
      "unfree": false,
      "version": "3.17.3",
      "outputs_to_install": [
        "out"
      ],
      "outputs": {
        "out": "/nix/store/xspz3rism3lv2fvpxax4b80klsjy5q2z-kubernetes-helm-3.17.3"
      },
      "system": "x86_64-darwin",
      "group": "toplevel",
      "priority": 5
    },
    {
      "attr_path": "kubernetes-helm",
      "broken": false,
      "derivation": "/nix/store/mydd02zbfc1lzvh12h49rl16xcghb0nf-kubernetes-helm-3.17.3.drv",
      "description": "Package manager for kubernetes",
      "install_id": "kubernetes-helm",
      "license": "Apache-2.0",
      "locked_url": "https://github.com/flox/nixpkgs?rev=46e634be05ce9dc6d4db8e664515ba10b78151ae",
      "name": "kubernetes-helm-3.17.3",
      "pname": "kubernetes-helm",
      "rev": "46e634be05ce9dc6d4db8e664515ba10b78151ae",
      "rev_count": 791944,
      "rev_date": "2025-04-29T12:35:57Z",
      "scrape_date": "2025-04-30T05:20:40.207178Z",
      "stabilities": [
        "staging",
        "unstable"
      ],
      "unfree": false,
      "version": "3.17.3",
      "outputs_to_install": [
        "out"
      ],
      "outputs": {
        "out": "/nix/store/q7anlfj1djc3yq3jzplrhkfiaxvikgci-kubernetes-helm-3.17.3"
      },
      "system": "x86_64-linux",
      "group": "toplevel",
      "priority": 5
    },
    {
      "attr_path": "ngrok",
      "broken": false,
      "derivation": "/nix/store/ym8mi3abkq0hwdskfghlcnyln42mr8s9-ngrok-3.19.1.drv",
      "description": "Allows you to expose a web server running on your local machine to the internet",
      "install_id": "ngrok",
      "license": "Unfree",
      "locked_url": "https://github.com/flox/nixpkgs?rev=46e634be05ce9dc6d4db8e664515ba10b78151ae",
      "name": "ngrok-3.19.1",
      "pname": "ngrok",
      "rev": "46e634be05ce9dc6d4db8e664515ba10b78151ae",
      "rev_count": 791944,
      "rev_date": "2025-04-29T12:35:57Z",
      "scrape_date": "2025-04-30T04:19:47.983033Z",
      "stabilities": [
        "staging",
        "unstable"
      ],
      "unfree": true,
      "version": "3.19.1",
      "outputs_to_install": [
        "out"
      ],
      "outputs": {
        "out": "/nix/store/2aj8r2la1wlr0vsncd1limh8va1rl0mg-ngrok-3.19.1"
      },
      "system": "aarch64-darwin",
      "group": "toplevel",
      "priority": 5
    },
    {
      "attr_path": "ngrok",
      "broken": false,
      "derivation": "/nix/store/1nnx9hz25gs3v3sdyzjzrvs7hfw97snl-ngrok-3.19.1.drv",
      "description": "Allows you to expose a web server running on your local machine to the internet",
      "install_id": "ngrok",
      "license": "Unfree",
      "locked_url": "https://github.com/flox/nixpkgs?rev=46e634be05ce9dc6d4db8e664515ba10b78151ae",
      "name": "ngrok-3.19.1",
      "pname": "ngrok",
      "rev": "46e634be05ce9dc6d4db8e664515ba10b78151ae",
      "rev_count": 791944,
      "rev_date": "2025-04-29T12:35:57Z",
      "scrape_date": "2025-04-30T04:38:40.651779Z",
      "stabilities": [
        "staging",
        "unstable"
      ],
      "unfree": true,
      "version": "3.19.1",
      "outputs_to_install": [
        "out"
      ],
      "outputs": {
        "out": "/nix/store/fgx1m2q94m5x7iw85g8mxhisad962xnd-ngrok-3.19.1"
      },
      "system": "aarch64-linux",
      "group": "toplevel",
      "priority": 5
    },
    {
      "attr_path": "ngrok",
      "broken": false,
      "derivation": "/nix/store/39w8zb8w3fl52g954623c8cw9kdv9y79-ngrok-3.19.1.drv",
      "description": "Allows you to expose a web server running on your local machine to the internet",
      "install_id": "ngrok",
      "license": "Unfree",
      "locked_url": "https://github.com/flox/nixpkgs?rev=46e634be05ce9dc6d4db8e664515ba10b78151ae",
      "name": "ngrok-3.19.1",
      "pname": "ngrok",
      "rev": "46e634be05ce9dc6d4db8e664515ba10b78151ae",
      "rev_count": 791944,
      "rev_date": "2025-04-29T12:35:57Z",
      "scrape_date": "2025-04-30T04:56:09.784224Z",
      "stabilities": [
        "staging",
        "unstable"
      ],
      "unfree": true,
      "version": "3.19.1",
      "outputs_to_install": [
        "out"
      ],
      "outputs": {
        "out": "/nix/store/ni1z4w6zn8v3pfhnfnl0xzbi2mn7ag2m-ngrok-3.19.1"
      },
      "system": "x86_64-darwin",
      "group": "toplevel",
      "priority": 5
    },
    {
      "attr_path": "ngrok",
      "broken": false,
      "derivation": "/nix/store/r534swv4jx3w2qaclsm840irmcsc1yjz-ngrok-3.19.1.drv",
      "description": "Allows you to expose a web server running on your local machine to the internet",
      "install_id": "ngrok",
      "license": "Unfree",
      "locked_url": "https://github.com/flox/nixpkgs?rev=46e634be05ce9dc6d4db8e664515ba10b78151ae",
      "name": "ngrok-3.19.1",
      "pname": "ngrok",
      "rev": "46e634be05ce9dc6d4db8e664515ba10b78151ae",
      "rev_count": 791944,
      "rev_date": "2025-04-29T12:35:57Z",
      "scrape_date": "2025-04-30T05:20:49.112572Z",
      "stabilities": [
        "staging",
        "unstable"
      ],
      "unfree": true,
      "version": "3.19.1",
      "outputs_to_install": [
        "out"
      ],
      "outputs": {
        "out": "/nix/store/fa406q8nqfffnbphxy45w868zbh4qw4f-ngrok-3.19.1"
      },
      "system": "x86_64-linux",
      "group": "toplevel",
      "priority": 5
    },
    {
      "attr_path": "talosctl",
      "broken": false,
      "derivation": "/nix/store/j3bnyf0wikyl3b1anx9ar6b8ay2mw5hy-talosctl-1.9.5.drv",
      "description": "CLI for out-of-band management of Kubernetes nodes created by Talos",
      "install_id": "talosctl",
      "license": "MPL-2.0",
      "locked_url": "https://github.com/flox/nixpkgs?rev=46e634be05ce9dc6d4db8e664515ba10b78151ae",
      "name": "talosctl-1.9.5",
      "pname": "talosctl",
      "rev": "46e634be05ce9dc6d4db8e664515ba10b78151ae",
      "rev_count": 791944,
      "rev_date": "2025-04-29T12:35:57Z",
      "scrape_date": "2025-04-30T04:20:26.990934Z",
      "stabilities": [
        "staging",
        "unstable"
      ],
      "unfree": false,
      "version": "1.9.5",
      "outputs_to_install": [
        "out"
      ],
      "outputs": {
        "out": "/nix/store/nr7532gdd0x8sb4dlk24in8qqy6fmwfh-talosctl-1.9.5"
      },
      "system": "aarch64-darwin",
      "group": "toplevel",
      "priority": 5
    },
    {
      "attr_path": "talosctl",
      "broken": false,
      "derivation": "/nix/store/23993h7cmmab8103hz4gikmjji852av8-talosctl-1.9.5.drv",
      "description": "CLI for out-of-band management of Kubernetes nodes created by Talos",
      "install_id": "talosctl",
      "license": "MPL-2.0",
      "locked_url": "https://github.com/flox/nixpkgs?rev=46e634be05ce9dc6d4db8e664515ba10b78151ae",
      "name": "talosctl-1.9.5",
      "pname": "talosctl",
      "rev": "46e634be05ce9dc6d4db8e664515ba10b78151ae",
      "rev_count": 791944,
      "rev_date": "2025-04-29T12:35:57Z",
      "scrape_date": "2025-04-30T04:39:39.107933Z",
      "stabilities": [
        "staging",
        "unstable"
      ],
      "unfree": false,
      "version": "1.9.5",
      "outputs_to_install": [
        "out"
      ],
      "outputs": {
        "out": "/nix/store/lf2c6nf8yyb40c8igi3xsdpkw9np8ai0-talosctl-1.9.5"
      },
      "system": "aarch64-linux",
      "group": "toplevel",
      "priority": 5
    },
    {
      "attr_path": "talosctl",
      "broken": false,
      "derivation": "/nix/store/76aqrs7hjxnh58gws8dpixllyc03v9ac-talosctl-1.9.5.drv",
      "description": "CLI for out-of-band management of Kubernetes nodes created by Talos",
      "install_id": "talosctl",
      "license": "MPL-2.0",
      "locked_url": "https://github.com/flox/nixpkgs?rev=46e634be05ce9dc6d4db8e664515ba10b78151ae",
      "name": "talosctl-1.9.5",
      "pname": "talosctl",
      "rev": "46e634be05ce9dc6d4db8e664515ba10b78151ae",
      "rev_count": 791944,
      "rev_date": "2025-04-29T12:35:57Z",
      "scrape_date": "2025-04-30T04:56:48.611659Z",
      "stabilities": [
        "staging",
        "unstable"
      ],
      "unfree": false,
      "version": "1.9.5",
      "outputs_to_install": [
        "out"
      ],
      "outputs": {
        "out": "/nix/store/cdrgwk22ajrg88r9pqbqk9fq0hji98vz-talosctl-1.9.5"
      },
      "system": "x86_64-darwin",
      "group": "toplevel",
      "priority": 5
    },
    {
      "attr_path": "talosctl",
      "broken": false,
      "derivation": "/nix/store/k22vjn7kramq4fhz0vaxvdjp36qp7m7j-talosctl-1.9.5.drv",
      "description": "CLI for out-of-band management of Kubernetes nodes created by Talos",
      "install_id": "talosctl",
      "license": "MPL-2.0",
      "locked_url": "https://github.com/flox/nixpkgs?rev=46e634be05ce9dc6d4db8e664515ba10b78151ae",
      "name": "talosctl-1.9.5",
      "pname": "talosctl",
      "rev": "46e634be05ce9dc6d4db8e664515ba10b78151ae",
      "rev_count": 791944,
      "rev_date": "2025-04-29T12:35:57Z",
      "scrape_date": "2025-04-30T05:21:53.987662Z",
      "stabilities": [
        "staging",
        "unstable"
      ],
      "unfree": false,
      "version": "1.9.5",
      "outputs_to_install": [
        "out"
      ],
      "outputs": {
        "out": "/nix/store/iqiqxqixjgdp1blk6pfycmj2g6srbc7n-talosctl-1.9.5"
      },
      "system": "x86_64-linux",
      "group": "toplevel",
      "priority": 5
    },
    {
      "attr_path": "tree",
      "broken": false,
      "derivation": "/nix/store/dci1c89l8idlq6bhb3y465da9s4cii41-tree-2.2.1.drv",
      "description": "Command to produce a depth indented directory listing",
      "install_id": "tree",
      "license": "GPL-2.0-or-later",
      "locked_url": "https://github.com/flox/nixpkgs?rev=46e634be05ce9dc6d4db8e664515ba10b78151ae",
      "name": "tree-2.2.1",
      "pname": "tree",
      "rev": "46e634be05ce9dc6d4db8e664515ba10b78151ae",
      "rev_count": 791944,
      "rev_date": "2025-04-29T12:35:57Z",
      "scrape_date": "2025-04-30T04:20:36.179860Z",
      "stabilities": [
        "staging",
        "unstable"
      ],
      "unfree": false,
      "version": "2.2.1",
      "outputs_to_install": [
        "out"
      ],
      "outputs": {
        "out": "/nix/store/p2kdp2d1wzbv2fav3s68w7jlgwxsbgfn-tree-2.2.1"
      },
      "system": "aarch64-darwin",
      "group": "toplevel",
      "priority": 5
    },
    {
      "attr_path": "tree",
      "broken": false,
      "derivation": "/nix/store/df13x24fyng3xsa4p13a6h463xpiby84-tree-2.2.1.drv",
      "description": "Command to produce a depth indented directory listing",
      "install_id": "tree",
      "license": "GPL-2.0-or-later",
      "locked_url": "https://github.com/flox/nixpkgs?rev=46e634be05ce9dc6d4db8e664515ba10b78151ae",
      "name": "tree-2.2.1",
      "pname": "tree",
      "rev": "46e634be05ce9dc6d4db8e664515ba10b78151ae",
      "rev_count": 791944,
      "rev_date": "2025-04-29T12:35:57Z",
      "scrape_date": "2025-04-30T04:39:51.186089Z",
      "stabilities": [
        "staging",
        "unstable"
      ],
      "unfree": false,
      "version": "2.2.1",
      "outputs_to_install": [
        "out"
      ],
      "outputs": {
        "out": "/nix/store/1nsm0kqxa2ywlkr0gbm33q4fqjc5s6hj-tree-2.2.1"
      },
      "system": "aarch64-linux",
      "group": "toplevel",
      "priority": 5
    },
    {
      "attr_path": "tree",
      "broken": false,
      "derivation": "/nix/store/9ysqzpvmnvfq0gajbz72nc86c8x135px-tree-2.2.1.drv",
      "description": "Command to produce a depth indented directory listing",
      "install_id": "tree",
      "license": "GPL-2.0-or-later",
      "locked_url": "https://github.com/flox/nixpkgs?rev=46e634be05ce9dc6d4db8e664515ba10b78151ae",
      "name": "tree-2.2.1",
      "pname": "tree",
      "rev": "46e634be05ce9dc6d4db8e664515ba10b78151ae",
      "rev_count": 791944,
      "rev_date": "2025-04-29T12:35:57Z",
      "scrape_date": "2025-04-30T04:56:57.834033Z",
      "stabilities": [
        "staging",
        "unstable"
      ],
      "unfree": false,
      "version": "2.2.1",
      "outputs_to_install": [
        "out"
      ],
      "outputs": {
        "out": "/nix/store/1awpb6kf5h3kvj0zdq39wfgqn8r1mbb5-tree-2.2.1"
      },
      "system": "x86_64-darwin",
      "group": "toplevel",
      "priority": 5
    },
    {
      "attr_path": "tree",
      "broken": false,
      "derivation": "/nix/store/2pmb043gjb988zjv0f3y0ra3l3rl1ai7-tree-2.2.1.drv",
      "description": "Command to produce a depth indented directory listing",
      "install_id": "tree",
      "license": "GPL-2.0-or-later",
      "locked_url": "https://github.com/flox/nixpkgs?rev=46e634be05ce9dc6d4db8e664515ba10b78151ae",
      "name": "tree-2.2.1",
      "pname": "tree",
      "rev": "46e634be05ce9dc6d4db8e664515ba10b78151ae",
      "rev_count": 791944,
      "rev_date": "2025-04-29T12:35:57Z",
      "scrape_date": "2025-04-30T05:22:07.193687Z",
      "stabilities": [
        "staging",
        "unstable"
      ],
      "unfree": false,
      "version": "2.2.1",
      "outputs_to_install": [
        "out"
      ],
      "outputs": {
        "out": "/nix/store/vwlbbssa4yr1r4km7rpkaislik24kn1n-tree-2.2.1"
      },
      "system": "x86_64-linux",
      "group": "toplevel",
      "priority": 5
    }
  ]
}